
Microsoft Visual Studio Solution File, Format Version 12.00
# Visual Studio Version 17
VisualStudioVersion = 17.0.31903.59
MinimumVisualStudioVersion = 10.0.40219.1
Project("{2150E333-8FDC-42A3-9474-1A3956D46DE8}") = "src", "src", "{97C05F93-574D-41AA-A848-C4B7731FACC0}"
EndProject
Project("{2150E333-8FDC-42A3-9474-1A3956D46DE8}") = "test", "test", "{C52DAB93-ADC4-423B-9820-C705A55436A3}"
EndProject
Project("{2150E333-8FDC-42A3-9474-1A3956D46DE8}") = "git", "git", "{77FDD507-2994-4D64-8C35-232E81E75FF0}"
	ProjectSection(SolutionItems) = preProject
		.gitignore = .gitignore
		.github\dependabot.yml = .github\dependabot.yml
		.github\workflows\build.yaml = .github\workflows\build.yaml
		.github\workflows\docs.yml = .github\workflows\docs.yml
		.github\workflows\pr-build.yaml = .github\workflows\pr-build.yaml
	EndProjectSection
EndProject
Project("{2150E333-8FDC-42A3-9474-1A3956D46DE8}") = "Solution Items", "Solution Items", "{B22CDAC2-6A62-42F1-95FC-326861BED2A5}"
	ProjectSection(SolutionItems) = preProject
		README.md = README.md
		LICENSE = LICENSE
		Directory.Build.props = Directory.Build.props
	EndProjectSection
EndProject
Project("{FAE04EC0-301F-11D3-BF4B-00C04F79EFBC}") = "LayeredCraft.Lambda.AspNetCore.HostingExtensions", "src\LayeredCraft.Lambda.AspNetCore.HostingExtensions\LayeredCraft.Lambda.AspNetCore.HostingExtensions.csproj", "{789D3B32-3F92-4628-8416-08F3927E1B57}"
EndProject
Project("{2150E333-8FDC-42A3-9474-1A3956D46DE8}") = "docs", "docs", "{93154236-6904-4ED9-BF76-B0B8EDE6B578}"
	ProjectSection(SolutionItems) = preProject
		docs\index.md = docs\index.md
	EndProjectSection
EndProject
Project("{2150E333-8FDC-42A3-9474-1A3956D46DE8}") = "assets", "assets", "{064CF7F9-2FC5-45EF-9718-346EC81E819A}"
EndProject
Project("{2150E333-8FDC-42A3-9474-1A3956D46DE8}") = "css", "css", "{72A05CD4-4462-4402-A972-49C30910EC82}"
	ProjectSection(SolutionItems) = preProject
		docs\assets\css\style.scss = docs\assets\css\style.scss
	EndProjectSection
EndProject
Project("{2150E333-8FDC-42A3-9474-1A3956D46DE8}") = "examples", "examples", "{F52AB59C-12E2-4563-B811-888F9CFE884B}"
	ProjectSection(SolutionItems) = preProject
		docs\examples\index.md = docs\examples\index.md
	EndProjectSection
EndProject
Project("{2150E333-8FDC-42A3-9474-1A3956D46DE8}") = "middleware", "middleware", "{CEFF8EF9-B530-472C-A963-A953728322BB}"
	ProjectSection(SolutionItems) = preProject
		docs\middleware\lambda-timeout-middleware.md = docs\middleware\lambda-timeout-middleware.md
	EndProjectSection
EndProject
Global
	GlobalSection(SolutionConfigurationPlatforms) = preSolution
		Debug|Any CPU = Debug|Any CPU
		Debug|x64 = Debug|x64
		Debug|x86 = Debug|x86
		Release|Any CPU = Release|Any CPU
		Release|x64 = Release|x64
		Release|x86 = Release|x86
	EndGlobalSection
	GlobalSection(ProjectConfigurationPlatforms) = postSolution
		{789D3B32-3F92-4628-8416-08F3927E1B57}.Debug|Any CPU.ActiveCfg = Debug|Any CPU
		{789D3B32-3F92-4628-8416-08F3927E1B57}.Debug|Any CPU.Build.0 = Debug|Any CPU
		{789D3B32-3F92-4628-8416-08F3927E1B57}.Debug|x64.ActiveCfg = Debug|Any CPU
		{789D3B32-3F92-4628-8416-08F3927E1B57}.Debug|x64.Build.0 = Debug|Any CPU
		{789D3B32-3F92-4628-8416-08F3927E1B57}.Debug|x86.ActiveCfg = Debug|Any CPU
		{789D3B32-3F92-4628-8416-08F3927E1B57}.Debug|x86.Build.0 = Debug|Any CPU
		{789D3B32-3F92-4628-8416-08F3927E1B57}.Release|Any CPU.ActiveCfg = Release|Any CPU
		{789D3B32-3F92-4628-8416-08F3927E1B57}.Release|Any CPU.Build.0 = Release|Any CPU
		{789D3B32-3F92-4628-8416-08F3927E1B57}.Release|x64.ActiveCfg = Release|Any CPU
		{789D3B32-3F92-4628-8416-08F3927E1B57}.Release|x64.Build.0 = Release|Any CPU
		{789D3B32-3F92-4628-8416-08F3927E1B57}.Release|x86.ActiveCfg = Release|Any CPU
		{789D3B32-3F92-4628-8416-08F3927E1B57}.Release|x86.Build.0 = Release|Any CPU
	EndGlobalSection
	GlobalSection(SolutionProperties) = preSolution
		HideSolutionNode = FALSE
	EndGlobalSection
	GlobalSection(NestedProjects) = preSolution
		{789D3B32-3F92-4628-8416-08F3927E1B57} = {97C05F93-574D-41AA-A848-C4B7731FACC0}
		{064CF7F9-2FC5-45EF-9718-346EC81E819A} = {93154236-6904-4ED9-BF76-B0B8EDE6B578}
		{72A05CD4-4462-4402-A972-49C30910EC82} = {064CF7F9-2FC5-45EF-9718-346EC81E819A}
		{F52AB59C-12E2-4563-B811-888F9CFE884B} = {93154236-6904-4ED9-BF76-B0B8EDE6B578}
		{CEFF8EF9-B530-472C-A963-A953728322BB} = {93154236-6904-4ED9-BF76-B0B8EDE6B578}
	EndGlobalSection
EndGlobal
